
Microsoft Visual Studio Solution File, Format Version 12.00
# Visual Studio Version 17
VisualStudioVersion = 17.8.34212.112
MinimumVisualStudioVersion = 10.0.40219.1
Project("{9A19103F-16F7-4668-BE54-9A1E7A4F7556}") = "BlazorServiceWorkerDemo", "BlazorServiceWorkerDemo\BlazorServiceWorkerDemo.csproj", "{64450A5C-2D40-453E-B57F-E563D9302F7E}"
EndProject
Global
	GlobalSection(SolutionConfigurationPlatforms) = preSolution
		Debug|Any CPU = Debug|Any CPU
		Release|Any CPU = Release|Any CPU
	EndGlobalSection
	GlobalSection(ProjectConfigurationPlatforms) = postSolution
		{64450A5C-2D40-453E-B57F-E563D9302F7E}.Debug|Any CPU.ActiveCfg = Debug|Any CPU
		{64450A5C-2D40-453E-B57F-E563D9302F7E}.Debug|Any CPU.Build.0 = Debug|Any CPU
		{64450A5C-2D40-453E-B57F-E563D9302F7E}.Release|Any CPU.ActiveCfg = Release|Any CPU
		{64450A5C-2D40-453E-B57F-E563D9302F7E}.Release|Any CPU.Build.0 = Release|Any CPU
	EndGlobalSection
	GlobalSection(SolutionProperties) = preSolution
		HideSolutionNode = FALSE
	EndGlobalSection
	GlobalSection(ExtensibilityGlobals) = postSolution
		SolutionGuid = {6EF1A441-AE9B-42C0-859D-2DA67A29A9F7}
	EndGlobalSection
EndGlobal
